PODS:
  - Alamofire (4.6.0)
  - Swinject (2.1.1)
  - SwinjectStoryboard (1.1.2):
    - Swinject (~> 2.1)

DEPENDENCIES:
  - Alamofire (~> 4.6)
  - Swinject (~> 2.1.1)
  - SwinjectStoryboard (~> 1.1.2)

SPEC CHECKSUMS:
  Alamofire: f41a599bd63041760b26d393ec1069d9d7b917f4
  Swinject: afea49fd95f392b41171669f165842879c48fad6
  SwinjectStoryboard: 92e75763c3299cdf627bef98a5180dc894864336

PODFILE CHECKSUM: 4a60ace3a80893d5a61b1ea202332783bf6acfea

COCOAPODS: 1.4.0
